
Microsoft Visual Studio Solution File, Format Version 12.00
# Visual Studio Version 17
VisualStudioVersion = 17.3.32901.215
MinimumVisualStudioVersion = 10.0.40219.1
Project("{FAE04EC0-301F-11D3-BF4B-00C04F79EFBC}") = "RegistroDeEncuesta", "RegistroDeEncuesta\RegistroDeEncuesta.csproj", "{C05ED327-73BA-4E2F-844A-57843B212D1E}"
EndProject
Project("{FAE04EC0-301F-11D3-BF4B-00C04F79EFBC}") = "ENCUESTAS", "ENCUESTAS\ENCUESTAS.csproj", "{8273A4E5-3FA7-4B17-B6C3-32F916066A94}"
EndProject
Global
	GlobalSection(SolutionConfigurationPlatforms) = preSolution
		Debug|Any CPU = Debug|Any CPU
		Release|Any CPU = Release|Any CPU
	EndGlobalSection
	GlobalSection(ProjectConfigurationPlatforms) = postSolution
		{C05ED327-73BA-4E2F-844A-57843B212D1E}.Debug|Any CPU.ActiveCfg = Debug|Any CPU
		{C05ED327-73BA-4E2F-844A-57843B212D1E}.Debug|Any CPU.Build.0 = Debug|Any CPU
		{C05ED327-73BA-4E2F-844A-57843B212D1E}.Release|Any CPU.ActiveCfg = Release|Any CPU
		{C05ED327-73BA-4E2F-844A-57843B212D1E}.Release|Any CPU.Build.0 = Release|Any CPU
		{8273A4E5-3FA7-4B17-B6C3-32F916066A94}.Debug|Any CPU.ActiveCfg = Debug|Any CPU
		{8273A4E5-3FA7-4B17-B6C3-32F916066A94}.Debug|Any CPU.Build.0 = Debug|Any CPU
		{8273A4E5-3FA7-4B17-B6C3-32F916066A94}.Release|Any CPU.ActiveCfg = Release|Any CPU
		{8273A4E5-3FA7-4B17-B6C3-32F916066A94}.Release|Any CPU.Build.0 = Release|Any CPU
	EndGlobalSection
	GlobalSection(SolutionProperties) = preSolution
		HideSolutionNode = FALSE
	EndGlobalSection
	GlobalSection(ExtensibilityGlobals) = postSolution
		SolutionGuid = {78105867-8507-4AE5-BE4A-A3D40F19638E}
	EndGlobalSection
EndGlobal
